
Microsoft Visual Studio Solution File, Format Version 12.00
# Visual Studio Version 16
VisualStudioVersion = 16.0.29411.108
MinimumVisualStudioVersion = 10.0.40219.1
Project("{FAE04EC0-301F-11D3-BF4B-00C04F79EFBC}") = "ROCKPAPERSCISSORS", "ROCKPAPERSCISSORS\ROCKPAPERSCISSORS.csproj", "{EDA50BEC-B247-4138-9B24-93D93091253F}"
EndProject
Global
	GlobalSection(SolutionConfigurationPlatforms) = preSolution
		Debug|Any CPU = Debug|Any CPU
		Release|Any CPU = Release|Any CPU
	EndGlobalSection
	GlobalSection(ProjectConfigurationPlatforms) = postSolution
		{EDA50BEC-B247-4138-9B24-93D93091253F}.Debug|Any CPU.ActiveCfg = Debug|Any CPU
		{EDA50BEC-B247-4138-9B24-93D93091253F}.Debug|Any CPU.Build.0 = Debug|Any CPU
		{EDA50BEC-B247-4138-9B24-93D93091253F}.Release|Any CPU.ActiveCfg = Release|Any CPU
		{EDA50BEC-B247-4138-9B24-93D93091253F}.Release|Any CPU.Build.0 = Release|Any CPU
	EndGlobalSection
	GlobalSection(SolutionProperties) = preSolution
		HideSolutionNode = FALSE
	EndGlobalSection
	GlobalSection(ExtensibilityGlobals) = postSolution
		SolutionGuid = {B9AB69ED-D2ED-45C2-8031-B73F0CA90C16}
	EndGlobalSection
EndGlobal
